
Microsoft Visual Studio Solution File, Format Version 12.00
# Visual Studio Version 17
VisualStudioVersion = 17.0.31903.59
MinimumVisualStudioVersion = 10.0.40219.1
Project("{FAE04EC0-301F-11D3-BF4B-00C04F79EFBC}") = "Task1", "Task1\Task1.csproj", "{0FC38342-88DE-41B4-87CD-069FB37E720C}"
EndProject
Project("{FAE04EC0-301F-11D3-BF4B-00C04F79EFBC}") = "Task2", "Task2\Task2.csproj", "{A9D9346D-A630-4394-952B-09923604398C}"
EndProject
Project("{FAE04EC0-301F-11D3-BF4B-00C04F79EFBC}") = "Task3", "Task3\Task3.csproj", "{72D53643-8677-4CAD-84F8-B19F751F996C}"
EndProject
Global
	GlobalSection(SolutionConfigurationPlatforms) = preSolution
		Debug|Any CPU = Debug|Any CPU
		Release|Any CPU = Release|Any CPU
	EndGlobalSection
	GlobalSection(SolutionProperties) = preSolution
		HideSolutionNode = FALSE
	EndGlobalSection
	GlobalSection(ProjectConfigurationPlatforms) = postSolution
		{0FC38342-88DE-41B4-87CD-069FB37E720C}.Debug|Any CPU.ActiveCfg = Debug|Any CPU
		{0FC38342-88DE-41B4-87CD-069FB37E720C}.Debug|Any CPU.Build.0 = Debug|Any CPU
		{0FC38342-88DE-41B4-87CD-069FB37E720C}.Release|Any CPU.ActiveCfg = Release|Any CPU
		{0FC38342-88DE-41B4-87CD-069FB37E720C}.Release|Any CPU.Build.0 = Release|Any CPU
		{A9D9346D-A630-4394-952B-09923604398C}.Debug|Any CPU.ActiveCfg = Debug|Any CPU
		{A9D9346D-A630-4394-952B-09923604398C}.Debug|Any CPU.Build.0 = Debug|Any CPU
		{A9D9346D-A630-4394-952B-09923604398C}.Release|Any CPU.ActiveCfg = Release|Any CPU
		{A9D9346D-A630-4394-952B-09923604398C}.Release|Any CPU.Build.0 = Release|Any CPU
		{72D53643-8677-4CAD-84F8-B19F751F996C}.Debug|Any CPU.ActiveCfg = Debug|Any CPU
		{72D53643-8677-4CAD-84F8-B19F751F996C}.Debug|Any CPU.Build.0 = Debug|Any CPU
		{72D53643-8677-4CAD-84F8-B19F751F996C}.Release|Any CPU.ActiveCfg = Release|Any CPU
		{72D53643-8677-4CAD-84F8-B19F751F996C}.Release|Any CPU.Build.0 = Release|Any CPU
	EndGlobalSection
EndGlobal
